
Microsoft Visual Studio Solution File, Format Version 12.00
# Visual Studio Version 17
VisualStudioVersion = 17.1.32421.90
MinimumVisualStudioVersion = 10.0.40219.1
Project("{FAE04EC0-301F-11D3-BF4B-00C04F79EFBC}") = "TicTacToeGame", "TicTacToeGame\TicTacToeGame.csproj", "{A7D9FC9E-1BCB-4AF6-923B-67ECC0618C94}"
EndProject
Global
	GlobalSection(SolutionConfigurationPlatforms) = preSolution
		Debug|Any CPU = Debug|Any CPU
		Release|Any CPU = Release|Any CPU
	EndGlobalSection
	GlobalSection(ProjectConfigurationPlatforms) = postSolution
		{A7D9FC9E-1BCB-4AF6-923B-67ECC0618C94}.Debug|Any CPU.ActiveCfg = Debug|Any CPU
		{A7D9FC9E-1BCB-4AF6-923B-67ECC0618C94}.Debug|Any CPU.Build.0 = Debug|Any CPU
		{A7D9FC9E-1BCB-4AF6-923B-67ECC0618C94}.Release|Any CPU.ActiveCfg = Release|Any CPU
		{A7D9FC9E-1BCB-4AF6-923B-67ECC0618C94}.Release|Any CPU.Build.0 = Release|Any CPU
	EndGlobalSection
	GlobalSection(SolutionProperties) = preSolution
		HideSolutionNode = FALSE
	EndGlobalSection
	GlobalSection(ExtensibilityGlobals) = postSolution
		SolutionGuid = {58DFC43F-0502-4851-BE86-F2461D848C27}
	EndGlobalSection
EndGlobal
